
Microsoft Visual Studio Solution File, Format Version 12.00
# Visual Studio Version 17
VisualStudioVersion = 17.6.33829.357
MinimumVisualStudioVersion = 10.0.40219.1
Project("{FAE04EC0-301F-11D3-BF4B-00C04F79EFBC}") = "uri1005", "uri1005\uri1005.csproj", "{DE32FB73-272B-4FFC-B7CC-314EDA2F3979}"
EndProject
Global
	GlobalSection(SolutionConfigurationPlatforms) = preSolution
		Debug|Any CPU = Debug|Any CPU
		Release|Any CPU = Release|Any CPU
	EndGlobalSection
	GlobalSection(ProjectConfigurationPlatforms) = postSolution
		{DE32FB73-272B-4FFC-B7CC-314EDA2F3979}.Debug|Any CPU.ActiveCfg = Debug|Any CPU
		{DE32FB73-272B-4FFC-B7CC-314EDA2F3979}.Debug|Any CPU.Build.0 = Debug|Any CPU
		{DE32FB73-272B-4FFC-B7CC-314EDA2F3979}.Release|Any CPU.ActiveCfg = Release|Any CPU
		{DE32FB73-272B-4FFC-B7CC-314EDA2F3979}.Release|Any CPU.Build.0 = Release|Any CPU
	EndGlobalSection
	GlobalSection(SolutionProperties) = preSolution
		HideSolutionNode = FALSE
	EndGlobalSection
	GlobalSection(ExtensibilityGlobals) = postSolution
		SolutionGuid = {34643B22-7939-4F30-B1CD-FD294B52B8DD}
	EndGlobalSection
EndGlobal
