
Microsoft Visual Studio Solution File, Format Version 12.00
# Visual Studio Version 17
VisualStudioVersion = 17.9.34728.123
MinimumVisualStudioVersion = 10.0.40219.1
Project("{FAE04EC0-301F-11D3-BF4B-00C04F79EFBC}") = "exercicioMatrizes1", "exercicioMatrizes1\exercicioMatrizes1.csproj", "{DA5D82A5-F295-476A-AB61-D0E31AD16438}"
EndProject
Global
	GlobalSection(SolutionConfigurationPlatforms) = preSolution
		Debug|Any CPU = Debug|Any CPU
		Release|Any CPU = Release|Any CPU
	EndGlobalSection
	GlobalSection(ProjectConfigurationPlatforms) = postSolution
		{DA5D82A5-F295-476A-AB61-D0E31AD16438}.Debug|Any CPU.ActiveCfg = Debug|Any CPU
		{DA5D82A5-F295-476A-AB61-D0E31AD16438}.Debug|Any CPU.Build.0 = Debug|Any CPU
		{DA5D82A5-F295-476A-AB61-D0E31AD16438}.Release|Any CPU.ActiveCfg = Release|Any CPU
		{DA5D82A5-F295-476A-AB61-D0E31AD16438}.Release|Any CPU.Build.0 = Release|Any CPU
	EndGlobalSection
	GlobalSection(SolutionProperties) = preSolution
		HideSolutionNode = FALSE
	EndGlobalSection
	GlobalSection(ExtensibilityGlobals) = postSolution
		SolutionGuid = {619CB1F8-D62C-4F2F-9503-562DB6C02D02}
	EndGlobalSection
EndGlobal
