
Microsoft Visual Studio Solution File, Format Version 12.00
# Visual Studio Version 17
VisualStudioVersion = 17.10.35013.160
MinimumVisualStudioVersion = 10.0.40219.1
Project("{FAE04EC0-301F-11D3-BF4B-00C04F79EFBC}") = "estudosPath", "estudosPath\estudosPath.csproj", "{2CBDDFA8-5E81-4800-AFEA-9832BC61E860}"
EndProject
Global
	GlobalSection(SolutionConfigurationPlatforms) = preSolution
		Debug|Any CPU = Debug|Any CPU
		Release|Any CPU = Release|Any CPU
	EndGlobalSection
	GlobalSection(ProjectConfigurationPlatforms) = postSolution
		{2CBDDFA8-5E81-4800-AFEA-9832BC61E860}.Debug|Any CPU.ActiveCfg = Debug|Any CPU
		{2CBDDFA8-5E81-4800-AFEA-9832BC61E860}.Debug|Any CPU.Build.0 = Debug|Any CPU
		{2CBDDFA8-5E81-4800-AFEA-9832BC61E860}.Release|Any CPU.ActiveCfg = Release|Any CPU
		{2CBDDFA8-5E81-4800-AFEA-9832BC61E860}.Release|Any CPU.Build.0 = Release|Any CPU
	EndGlobalSection
	GlobalSection(SolutionProperties) = preSolution
		HideSolutionNode = FALSE
	EndGlobalSection
	GlobalSection(ExtensibilityGlobals) = postSolution
		SolutionGuid = {E6863A2E-77D4-4DB1-A729-285565B0F950}
	EndGlobalSection
EndGlobal
