
Microsoft Visual Studio Solution File, Format Version 12.00
# Visual Studio Version 17
VisualStudioVersion = 17.9.34902.65
MinimumVisualStudioVersion = 10.0.40219.1
Project("{FAE04EC0-301F-11D3-BF4B-00C04F79EFBC}") = "metodosAbstratos", "metodosAbstratos\metodosAbstratos.csproj", "{88C69E6D-8FDE-43C4-86F9-D45F67D8369A}"
EndProject
Global
	GlobalSection(SolutionConfigurationPlatforms) = preSolution
		Debug|Any CPU = Debug|Any CPU
		Release|Any CPU = Release|Any CPU
	EndGlobalSection
	GlobalSection(ProjectConfigurationPlatforms) = postSolution
		{88C69E6D-8FDE-43C4-86F9-D45F67D8369A}.Debug|Any CPU.ActiveCfg = Debug|Any CPU
		{88C69E6D-8FDE-43C4-86F9-D45F67D8369A}.Debug|Any CPU.Build.0 = Debug|Any CPU
		{88C69E6D-8FDE-43C4-86F9-D45F67D8369A}.Release|Any CPU.ActiveCfg = Release|Any CPU
		{88C69E6D-8FDE-43C4-86F9-D45F67D8369A}.Release|Any CPU.Build.0 = Release|Any CPU
	EndGlobalSection
	GlobalSection(SolutionProperties) = preSolution
		HideSolutionNode = FALSE
	EndGlobalSection
	GlobalSection(ExtensibilityGlobals) = postSolution
		SolutionGuid = {E80969FB-B898-4BC7-9CC2-AD7FA46E7B2D}
	EndGlobalSection
EndGlobal
