
Microsoft Visual Studio Solution File, Format Version 12.00
# Visual Studio Version 17
VisualStudioVersion = 17.6.33829.357
MinimumVisualStudioVersion = 10.0.40219.1
Project("{FAE04EC0-301F-11D3-BF4B-00C04F79EFBC}") = "uri1018", "uri1018\uri1018.csproj", "{0D8A327E-3F42-495A-AE6B-5F2AA1AA3ED0}"
EndProject
Global
	GlobalSection(SolutionConfigurationPlatforms) = preSolution
		Debug|Any CPU = Debug|Any CPU
		Release|Any CPU = Release|Any CPU
	EndGlobalSection
	GlobalSection(ProjectConfigurationPlatforms) = postSolution
		{0D8A327E-3F42-495A-AE6B-5F2AA1AA3ED0}.Debug|Any CPU.ActiveCfg = Debug|Any CPU
		{0D8A327E-3F42-495A-AE6B-5F2AA1AA3ED0}.Debug|Any CPU.Build.0 = Debug|Any CPU
		{0D8A327E-3F42-495A-AE6B-5F2AA1AA3ED0}.Release|Any CPU.ActiveCfg = Release|Any CPU
		{0D8A327E-3F42-495A-AE6B-5F2AA1AA3ED0}.Release|Any CPU.Build.0 = Release|Any CPU
	EndGlobalSection
	GlobalSection(SolutionProperties) = preSolution
		HideSolutionNode = FALSE
	EndGlobalSection
	GlobalSection(ExtensibilityGlobals) = postSolution
		SolutionGuid = {E5E7F93A-FA99-4373-AF2A-47714F676BCD}
	EndGlobalSection
EndGlobal
