
Microsoft Visual Studio Solution File, Format Version 12.00
# Visual Studio Version 17
VisualStudioVersion = 17.9.34728.123
MinimumVisualStudioVersion = 10.0.40219.1
Project("{FAE04EC0-301F-11D3-BF4B-00C04F79EFBC}") = "demoHeranca", "demoHeranca\demoHeranca.csproj", "{5D30E416-59BD-47D2-AD52-151DC517E9E8}"
EndProject
Global
	GlobalSection(SolutionConfigurationPlatforms) = preSolution
		Debug|Any CPU = Debug|Any CPU
		Release|Any CPU = Release|Any CPU
	EndGlobalSection
	GlobalSection(ProjectConfigurationPlatforms) = postSolution
		{5D30E416-59BD-47D2-AD52-151DC517E9E8}.Debug|Any CPU.ActiveCfg = Debug|Any CPU
		{5D30E416-59BD-47D2-AD52-151DC517E9E8}.Debug|Any CPU.Build.0 = Debug|Any CPU
		{5D30E416-59BD-47D2-AD52-151DC517E9E8}.Release|Any CPU.ActiveCfg = Release|Any CPU
		{5D30E416-59BD-47D2-AD52-151DC517E9E8}.Release|Any CPU.Build.0 = Release|Any CPU
	EndGlobalSection
	GlobalSection(SolutionProperties) = preSolution
		HideSolutionNode = FALSE
	EndGlobalSection
	GlobalSection(ExtensibilityGlobals) = postSolution
		SolutionGuid = {C5711D1F-EBC3-4F46-9705-094FE3B3197D}
	EndGlobalSection
EndGlobal
