
Microsoft Visual Studio Solution File, Format Version 12.00
# Visual Studio Version 17
VisualStudioVersion = 17.6.33829.357
MinimumVisualStudioVersion = 10.0.40219.1
Project("{FAE04EC0-301F-11D3-BF4B-00C04F79EFBC}") = "testes-processamento", "testes-processamento\testes-processamento.csproj", "{F94E8D15-C2D0-4596-8496-021ED3E9156A}"
EndProject
Global
	GlobalSection(SolutionConfigurationPlatforms) = preSolution
		Debug|Any CPU = Debug|Any CPU
		Release|Any CPU = Release|Any CPU
	EndGlobalSection
	GlobalSection(ProjectConfigurationPlatforms) = postSolution
		{F94E8D15-C2D0-4596-8496-021ED3E9156A}.Debug|Any CPU.ActiveCfg = Debug|Any CPU
		{F94E8D15-C2D0-4596-8496-021ED3E9156A}.Debug|Any CPU.Build.0 = Debug|Any CPU
		{F94E8D15-C2D0-4596-8496-021ED3E9156A}.Release|Any CPU.ActiveCfg = Release|Any CPU
		{F94E8D15-C2D0-4596-8496-021ED3E9156A}.Release|Any CPU.Build.0 = Release|Any CPU
	EndGlobalSection
	GlobalSection(SolutionProperties) = preSolution
		HideSolutionNode = FALSE
	EndGlobalSection
	GlobalSection(ExtensibilityGlobals) = postSolution
		SolutionGuid = {A28D62B1-9A39-4C9E-96FA-F0840A76D8B2}
	EndGlobalSection
EndGlobal
