
Microsoft Visual Studio Solution File, Format Version 12.00
# Visual Studio Version 17
VisualStudioVersion = 17.10.35013.160
MinimumVisualStudioVersion = 10.0.40219.1
Project("{FAE04EC0-301F-11D3-BF4B-00C04F79EFBC}") = "estudoStreamWriter", "estudoStreamWriter\estudoStreamWriter.csproj", "{04B509A9-BFD2-4928-864B-753E74E5D6DA}"
EndProject
Global
	GlobalSection(SolutionConfigurationPlatforms) = preSolution
		Debug|Any CPU = Debug|Any CPU
		Release|Any CPU = Release|Any CPU
	EndGlobalSection
	GlobalSection(ProjectConfigurationPlatforms) = postSolution
		{04B509A9-BFD2-4928-864B-753E74E5D6DA}.Debug|Any CPU.ActiveCfg = Debug|Any CPU
		{04B509A9-BFD2-4928-864B-753E74E5D6DA}.Debug|Any CPU.Build.0 = Debug|Any CPU
		{04B509A9-BFD2-4928-864B-753E74E5D6DA}.Release|Any CPU.ActiveCfg = Release|Any CPU
		{04B509A9-BFD2-4928-864B-753E74E5D6DA}.Release|Any CPU.Build.0 = Release|Any CPU
	EndGlobalSection
	GlobalSection(SolutionProperties) = preSolution
		HideSolutionNode = FALSE
	EndGlobalSection
	GlobalSection(ExtensibilityGlobals) = postSolution
		SolutionGuid = {B30B5180-309D-4E11-88D1-1B6005861769}
	EndGlobalSection
EndGlobal
