
Microsoft Visual Studio Solution File, Format Version 12.00
# Visual Studio Version 17
VisualStudioVersion = 17.10.35013.160
MinimumVisualStudioVersion = 10.0.40219.1
Project("{FAE04EC0-301F-11D3-BF4B-00C04F79EFBC}") = "estudoBlocoUsing", "estudoBlocoUsing\estudoBlocoUsing.csproj", "{20AC12BE-D1B5-4472-A533-BB422236C362}"
EndProject
Global
	GlobalSection(SolutionConfigurationPlatforms) = preSolution
		Debug|Any CPU = Debug|Any CPU
		Release|Any CPU = Release|Any CPU
	EndGlobalSection
	GlobalSection(ProjectConfigurationPlatforms) = postSolution
		{20AC12BE-D1B5-4472-A533-BB422236C362}.Debug|Any CPU.ActiveCfg = Debug|Any CPU
		{20AC12BE-D1B5-4472-A533-BB422236C362}.Debug|Any CPU.Build.0 = Debug|Any CPU
		{20AC12BE-D1B5-4472-A533-BB422236C362}.Release|Any CPU.ActiveCfg = Release|Any CPU
		{20AC12BE-D1B5-4472-A533-BB422236C362}.Release|Any CPU.Build.0 = Release|Any CPU
	EndGlobalSection
	GlobalSection(SolutionProperties) = preSolution
		HideSolutionNode = FALSE
	EndGlobalSection
	GlobalSection(ExtensibilityGlobals) = postSolution
		SolutionGuid = {9863E61C-4548-43E5-9FD0-FF1046103831}
	EndGlobalSection
EndGlobal
