
Microsoft Visual Studio Solution File, Format Version 12.00
# Visual Studio Version 17
VisualStudioVersion = 17.7.34024.191
MinimumVisualStudioVersion = 10.0.40219.1
Project("{FAE04EC0-301F-11D3-BF4B-00C04F79EFBC}") = "CalculadoraDolar", "CalculadoraDolar\CalculadoraDolar.csproj", "{311D8E63-AAB2-4D4E-9F3C-F94061395D43}"
EndProject
Global
	GlobalSection(SolutionConfigurationPlatforms) = preSolution
		Debug|Any CPU = Debug|Any CPU
		Release|Any CPU = Release|Any CPU
	EndGlobalSection
	GlobalSection(ProjectConfigurationPlatforms) = postSolution
		{311D8E63-AAB2-4D4E-9F3C-F94061395D43}.Debug|Any CPU.ActiveCfg = Debug|Any CPU
		{311D8E63-AAB2-4D4E-9F3C-F94061395D43}.Debug|Any CPU.Build.0 = Debug|Any CPU
		{311D8E63-AAB2-4D4E-9F3C-F94061395D43}.Release|Any CPU.ActiveCfg = Release|Any CPU
		{311D8E63-AAB2-4D4E-9F3C-F94061395D43}.Release|Any CPU.Build.0 = Release|Any CPU
	EndGlobalSection
	GlobalSection(SolutionProperties) = preSolution
		HideSolutionNode = FALSE
	EndGlobalSection
	GlobalSection(ExtensibilityGlobals) = postSolution
		SolutionGuid = {2AFE6403-B5B4-41BF-AEA4-182533C99F10}
	EndGlobalSection
EndGlobal
