
Microsoft Visual Studio Solution File, Format Version 12.00
# Visual Studio Version 17
VisualStudioVersion = 17.9.34902.65
MinimumVisualStudioVersion = 10.0.40219.1
Project("{FAE04EC0-301F-11D3-BF4B-00C04F79EFBC}") = "exercException1", "exercExcetion1\exercException1.csproj", "{21334D90-EF09-49F5-AE25-E3173E429F21}"
EndProject
Global
	GlobalSection(SolutionConfigurationPlatforms) = preSolution
		Debug|Any CPU = Debug|Any CPU
		Release|Any CPU = Release|Any CPU
	EndGlobalSection
	GlobalSection(ProjectConfigurationPlatforms) = postSolution
		{21334D90-EF09-49F5-AE25-E3173E429F21}.Debug|Any CPU.ActiveCfg = Debug|Any CPU
		{21334D90-EF09-49F5-AE25-E3173E429F21}.Debug|Any CPU.Build.0 = Debug|Any CPU
		{21334D90-EF09-49F5-AE25-E3173E429F21}.Release|Any CPU.ActiveCfg = Release|Any CPU
		{21334D90-EF09-49F5-AE25-E3173E429F21}.Release|Any CPU.Build.0 = Release|Any CPU
	EndGlobalSection
	GlobalSection(SolutionProperties) = preSolution
		HideSolutionNode = FALSE
	EndGlobalSection
	GlobalSection(ExtensibilityGlobals) = postSolution
		SolutionGuid = {016FB938-13E6-47B4-985E-6EEE46583E60}
	EndGlobalSection
EndGlobal
