
Microsoft Visual Studio Solution File, Format Version 12.00
# Visual Studio Version 17
VisualStudioVersion = 17.9.34728.123
MinimumVisualStudioVersion = 10.0.40219.1
Project("{FAE04EC0-301F-11D3-BF4B-00C04F79EFBC}") = "exercicioLista1", "exercicioLista1\exercicioLista1.csproj", "{C55FE689-75A8-42DE-9E91-4BFA1EFBF27C}"
EndProject
Global
	GlobalSection(SolutionConfigurationPlatforms) = preSolution
		Debug|Any CPU = Debug|Any CPU
		Release|Any CPU = Release|Any CPU
	EndGlobalSection
	GlobalSection(ProjectConfigurationPlatforms) = postSolution
		{C55FE689-75A8-42DE-9E91-4BFA1EFBF27C}.Debug|Any CPU.ActiveCfg = Debug|Any CPU
		{C55FE689-75A8-42DE-9E91-4BFA1EFBF27C}.Debug|Any CPU.Build.0 = Debug|Any CPU
		{C55FE689-75A8-42DE-9E91-4BFA1EFBF27C}.Release|Any CPU.ActiveCfg = Release|Any CPU
		{C55FE689-75A8-42DE-9E91-4BFA1EFBF27C}.Release|Any CPU.Build.0 = Release|Any CPU
	EndGlobalSection
	GlobalSection(SolutionProperties) = preSolution
		HideSolutionNode = FALSE
	EndGlobalSection
	GlobalSection(ExtensibilityGlobals) = postSolution
		SolutionGuid = {D62FCC12-86A1-47BB-97E2-4B39C1CACF9D}
	EndGlobalSection
EndGlobal
