
Microsoft Visual Studio Solution File, Format Version 12.00
# Visual Studio Version 17
VisualStudioVersion = 17.7.34024.191
MinimumVisualStudioVersion = 10.0.40219.1
Project("{FAE04EC0-301F-11D3-BF4B-00C04F79EFBC}") = "DadosEmCsharp", "DadosEmCsharp\DadosEmCsharp.csproj", "{8307044D-DB34-4F50-A6C0-AA8B6C6EB7D2}"
EndProject
Global
	GlobalSection(SolutionConfigurationPlatforms) = preSolution
		Debug|Any CPU = Debug|Any CPU
		Release|Any CPU = Release|Any CPU
	EndGlobalSection
	GlobalSection(ProjectConfigurationPlatforms) = postSolution
		{8307044D-DB34-4F50-A6C0-AA8B6C6EB7D2}.Debug|Any CPU.ActiveCfg = Debug|Any CPU
		{8307044D-DB34-4F50-A6C0-AA8B6C6EB7D2}.Debug|Any CPU.Build.0 = Debug|Any CPU
		{8307044D-DB34-4F50-A6C0-AA8B6C6EB7D2}.Release|Any CPU.ActiveCfg = Release|Any CPU
		{8307044D-DB34-4F50-A6C0-AA8B6C6EB7D2}.Release|Any CPU.Build.0 = Release|Any CPU
	EndGlobalSection
	GlobalSection(SolutionProperties) = preSolution
		HideSolutionNode = FALSE
	EndGlobalSection
	GlobalSection(ExtensibilityGlobals) = postSolution
		SolutionGuid = {EEEBE968-D968-47AE-879D-F769E4AB4247}
	EndGlobalSection
EndGlobal
