
Microsoft Visual Studio Solution File, Format Version 12.00
# Visual Studio Version 17
VisualStudioVersion = 17.10.35013.160
MinimumVisualStudioVersion = 10.0.40219.1
Project("{FAE04EC0-301F-11D3-BF4B-00C04F79EFBC}") = "estudoDirectory", "estudoDirectory\estudoDirectory.csproj", "{8DEBDB38-3B79-4A3D-A5B8-17A91BF653D3}"
EndProject
Global
	GlobalSection(SolutionConfigurationPlatforms) = preSolution
		Debug|Any CPU = Debug|Any CPU
		Release|Any CPU = Release|Any CPU
	EndGlobalSection
	GlobalSection(ProjectConfigurationPlatforms) = postSolution
		{8DEBDB38-3B79-4A3D-A5B8-17A91BF653D3}.Debug|Any CPU.ActiveCfg = Debug|Any CPU
		{8DEBDB38-3B79-4A3D-A5B8-17A91BF653D3}.Debug|Any CPU.Build.0 = Debug|Any CPU
		{8DEBDB38-3B79-4A3D-A5B8-17A91BF653D3}.Release|Any CPU.ActiveCfg = Release|Any CPU
		{8DEBDB38-3B79-4A3D-A5B8-17A91BF653D3}.Release|Any CPU.Build.0 = Release|Any CPU
	EndGlobalSection
	GlobalSection(SolutionProperties) = preSolution
		HideSolutionNode = FALSE
	EndGlobalSection
	GlobalSection(ExtensibilityGlobals) = postSolution
		SolutionGuid = {C62D6BD4-5D54-40A0-8F5D-34644B9286F3}
	EndGlobalSection
EndGlobal
