
Microsoft Visual Studio Solution File, Format Version 12.00
# Visual Studio Version 17
VisualStudioVersion = 17.9.34728.123
MinimumVisualStudioVersion = 10.0.40219.1
Project("{FAE04EC0-301F-11D3-BF4B-00C04F79EFBC}") = "exercicioVetor1", "exercicioVetor1\exercicioVetor1.csproj", "{66D58162-DAB0-4FCB-B455-48F0054B39F0}"
EndProject
Global
	GlobalSection(SolutionConfigurationPlatforms) = preSolution
		Debug|Any CPU = Debug|Any CPU
		Release|Any CPU = Release|Any CPU
	EndGlobalSection
	GlobalSection(ProjectConfigurationPlatforms) = postSolution
		{66D58162-DAB0-4FCB-B455-48F0054B39F0}.Debug|Any CPU.ActiveCfg = Debug|Any CPU
		{66D58162-DAB0-4FCB-B455-48F0054B39F0}.Debug|Any CPU.Build.0 = Debug|Any CPU
		{66D58162-DAB0-4FCB-B455-48F0054B39F0}.Release|Any CPU.ActiveCfg = Release|Any CPU
		{66D58162-DAB0-4FCB-B455-48F0054B39F0}.Release|Any CPU.Build.0 = Release|Any CPU
	EndGlobalSection
	GlobalSection(SolutionProperties) = preSolution
		HideSolutionNode = FALSE
	EndGlobalSection
	GlobalSection(ExtensibilityGlobals) = postSolution
		SolutionGuid = {E19BC389-E4E0-430F-BBA9-8C7D59F2AB35}
	EndGlobalSection
EndGlobal
