
Microsoft Visual Studio Solution File, Format Version 12.00
# Visual Studio Version 17
VisualStudioVersion = 17.10.35013.160
MinimumVisualStudioVersion = 10.0.40219.1
Project("{FAE04EC0-301F-11D3-BF4B-00C04F79EFBC}") = "estudoFileInfo", "estudoFileInfo\estudoFileInfo.csproj", "{9D15FF99-D0AB-4B2B-AC9F-39681C451171}"
EndProject
Global
	GlobalSection(SolutionConfigurationPlatforms) = preSolution
		Debug|Any CPU = Debug|Any CPU
		Release|Any CPU = Release|Any CPU
	EndGlobalSection
	GlobalSection(ProjectConfigurationPlatforms) = postSolution
		{9D15FF99-D0AB-4B2B-AC9F-39681C451171}.Debug|Any CPU.ActiveCfg = Debug|Any CPU
		{9D15FF99-D0AB-4B2B-AC9F-39681C451171}.Debug|Any CPU.Build.0 = Debug|Any CPU
		{9D15FF99-D0AB-4B2B-AC9F-39681C451171}.Release|Any CPU.ActiveCfg = Release|Any CPU
		{9D15FF99-D0AB-4B2B-AC9F-39681C451171}.Release|Any CPU.Build.0 = Release|Any CPU
	EndGlobalSection
	GlobalSection(SolutionProperties) = preSolution
		HideSolutionNode = FALSE
	EndGlobalSection
	GlobalSection(ExtensibilityGlobals) = postSolution
		SolutionGuid = {90918BB0-33A8-4DA4-A995-91A7F6DD5AA8}
	EndGlobalSection
EndGlobal
